PODS:
  - BitByteData (2.0.4)
  - SWCompression (4.8.6):
    - BitByteData (~> 2.0)
    - SWCompression/BZip2 (= 4.8.6)
    - SWCompression/Deflate (= 4.8.6)
    - SWCompression/GZip (= 4.8.6)
    - SWCompression/LZ4 (= 4.8.6)
    - SWCompression/LZMA (= 4.8.6)
    - SWCompression/LZMA2 (= 4.8.6)
    - SWCompression/SevenZip (= 4.8.6)
    - SWCompression/TAR (= 4.8.6)
    - SWCompression/XZ (= 4.8.6)
    - SWCompression/ZIP (= 4.8.6)
    - SWCompression/Zlib (= 4.8.6)
  - SWCompression/BZip2 (4.8.6):
    - BitByteData (~> 2.0)
  - SWCompression/Deflate (4.8.6):
    - BitByteData (~> 2.0)
  - SWCompression/GZip (4.8.6):
    - BitByteData (~> 2.0)
    - SWCompression/Deflate
  - SWCompression/LZ4 (4.8.6):
    - BitByteData (~> 2.0)
  - SWCompression/LZMA (4.8.6):
    - BitByteData (~> 2.0)
  - SWCompression/LZMA2 (4.8.6):
    - BitByteData (~> 2.0)
    - SWCompression/LZMA
  - SWCompression/SevenZip (4.8.6):
    - BitByteData (~> 2.0)
    - SWCompression/LZMA2
  - SWCompression/TAR (4.8.6):
    - BitByteData (~> 2.0)
  - SWCompression/XZ (4.8.6):
    - BitByteData (~> 2.0)
    - SWCompression/LZMA2
  - SWCompression/ZIP (4.8.6):
    - BitByteData (~> 2.0)
    - SWCompression/Deflate
  - SWCompression/Zlib (4.8.6):
    - BitByteData (~> 2.0)
    - SWCompression/Deflate

DEPENDENCIES:
  - SWCompression (~> 4.8)

SPEC REPOS:
  trunk:
    - BitByteData
    - SWCompression

SPEC CHECKSUMS:
  BitByteData: 2422ed269fcddc44976d97f171a183d25ef535ce
  SWCompression: 9379873ad5e9f25b31db88c441649b59a4c2bab7

PODFILE CHECKSUM: 667ebdc4fece9c1b3a6ccecccb091428305cbefb

COCOAPODS: 1.16.2
