// !$*UTF8*$!
{
	archiveVersion = 1;
	classes = {
	};
	objectVersion = 56;
	objects = {

/* Begin PBXBuildFile section */
		1100000000000001 /* KuckmalTVApp.swift in Sources */ = {isa = PBXBuildFile; fileRef = 1200000000000001 /* KuckmalTVApp.swift */; };
		1100000000000002 /* ContentView.swift in Sources */ = {isa = PBXBuildFile; fileRef = 1200000000000002 /* ContentView.swift */; };
		1100000000000003 /* Models.swift in Sources */ = {isa = PBXBuildFile; fileRef = 1200000000000003 /* Models.swift */; };
		1100000000000004 /* ChannelListView.swift in Sources */ = {isa = PBXBuildFile; fileRef = 1200000000000004 /* ChannelListView.swift */; };
		1100000000000005 /* ThemeListView.swift in Sources */ = {isa = PBXBuildFile; fileRef = 1200000000000005 /* ThemeListView.swift */; };
		1100000000000006 /* TitleListView.swift in Sources */ = {isa = PBXBuildFile; fileRef = 1200000000000006 /* TitleListView.swift */; };
		1100000000000007 /* DetailView.swift in Sources */ = {isa = PBXBuildFile; fileRef = 1200000000000007 /* DetailView.swift */; };
		1100000000000008 /* MediaUrlUtils.swift in Sources */ = {isa = PBXBuildFile; fileRef = 1200000000000009 /* MediaUrlUtils.swift */; };
		1100000000000009 /* VideoPlayerView.swift in Sources */ = {isa = PBXBuildFile; fileRef = 1200000000000010 /* VideoPlayerView.swift */; };
		1100000000000010 /* VideoPlayerManager.swift in Sources */ = {isa = PBXBuildFile; fileRef = 1200000000000011 /* VideoPlayerManager.swift */; };
		1100000000000011 /* SharedTvos.framework in Frameworks */ = {isa = PBXBuildFile; fileRef = 1200000000000012 /* SharedTvos.framework */; settings = {ATTRIBUTES = (CodeSignOnCopy, RemoveHeadersOnCopy, ); }; };
		1100000000000012 /* SharedTvos.framework in Embed Frameworks */ = {isa = PBXBuildFile; fileRef = 1200000000000012 /* SharedTvos.framework */; settings = {ATTRIBUTES = (CodeSignOnCopy, RemoveHeadersOnCopy, ); }; };
		1100000000000013 /* KotlinInterop.swift in Sources */ = {isa = PBXBuildFile; fileRef = 1200000000000013 /* KotlinInterop.swift */; };
		1100000000000014 /* TvOSViewModel.swift in Sources */ = {isa = PBXBuildFile; fileRef = 1200000000000014 /* TvOSViewModel.swift */; };
		1100000000000015 /* SearchBar.swift in Sources */ = {isa = PBXBuildFile; fileRef = 1200000000000015 /* SearchBar.swift */; };
		3100000000000001 /* tvosAppUITests.swift in Sources */ = {isa = PBXBuildFile; fileRef = 3200000000000001 /* tvosAppUITests.swift */; };
		3100000000000002 /* tvosAppUITestsLaunchTests.swift in Sources */ = {isa = PBXBuildFile; fileRef = 3200000000000002 /* tvosAppUITestsLaunchTests.swift */; };
		5100000000000001 /* ContentProvider.swift in Sources */ = {isa = PBXBuildFile; fileRef = 5200000000000001 /* ContentProvider.swift */; };
		5100000000000002 /* KuckmalTopShelf.appex in Embed App Extensions */ = {isa = PBXBuildFile; fileRef = 5300000000000002 /* KuckmalTopShelf.appex */; settings = {ATTRIBUTES = (RemoveHeadersOnCopy, ); }; };
/* End PBXBuildFile section */

/* Begin PBXContainerItemProxy section */
		3300000000000001 /* PBXContainerItemProxy */ = {
			isa = PBXContainerItemProxy;
			containerPortal = 1900000000000001 /* Project object */;
			proxyType = 1;
			remoteGlobalIDString = 1600000000000001;
			remoteInfo = tvosApp;
		};
		5300000000000001 /* PBXContainerItemProxy */ = {
			isa = PBXContainerItemProxy;
			containerPortal = 1900000000000001 /* Project object */;
			proxyType = 1;
			remoteGlobalIDString = 5600000000000001;
			remoteInfo = KuckmalTopShelf;
		};
/* End PBXContainerItemProxy section */

/* Begin PBXFileReference section */
		1200000000000001 /* KuckmalTVApp.swift */ = {isa = PBXFileReference; lastKnownFileType = sourcecode.swift; path = KuckmalTVApp.swift; sourceTree = "<group>"; };
		1200000000000002 /* ContentView.swift */ = {isa = PBXFileReference; lastKnownFileType = sourcecode.swift; path = ContentView.swift; sourceTree = "<group>"; };
		1200000000000003 /* Models.swift */ = {isa = PBXFileReference; lastKnownFileType = sourcecode.swift; path = Models.swift; sourceTree = "<group>"; };
		1200000000000004 /* ChannelListView.swift */ = {isa = PBXFileReference; lastKnownFileType = sourcecode.swift; path = ChannelListView.swift; sourceTree = "<group>"; };
		1200000000000005 /* ThemeListView.swift */ = {isa = PBXFileReference; lastKnownFileType = sourcecode.swift; path = ThemeListView.swift; sourceTree = "<group>"; };
		1200000000000006 /* TitleListView.swift */ = {isa = PBXFileReference; lastKnownFileType = sourcecode.swift; path = TitleListView.swift; sourceTree = "<group>"; };
		1200000000000007 /* DetailView.swift */ = {isa = PBXFileReference; lastKnownFileType = sourcecode.swift; path = DetailView.swift; sourceTree = "<group>"; };
		1200000000000008 /* Info.plist */ = {isa = PBXFileReference; lastKnownFileType = text.plist.xml; path = Info.plist; sourceTree = "<group>"; };
		1200000000000009 /* MediaUrlUtils.swift */ = {isa = PBXFileReference; lastKnownFileType = sourcecode.swift; path = MediaUrlUtils.swift; sourceTree = "<group>"; };
		1200000000000010 /* VideoPlayerView.swift */ = {isa = PBXFileReference; lastKnownFileType = sourcecode.swift; path = VideoPlayerView.swift; sourceTree = "<group>"; };
		1200000000000011 /* VideoPlayerManager.swift */ = {isa = PBXFileReference; lastKnownFileType = sourcecode.swift; path = VideoPlayerManager.swift; sourceTree = "<group>"; };
		1200000000000012 /* SharedTvos.framework */ = {isa = PBXFileReference; lastKnownFileType = wrapper.framework; name = SharedTvos.framework; path = "../shared-tvos/build/bin/tvosSimulatorArm64/debugFramework/SharedTvos.framework"; sourceTree = "<group>"; };
		1200000000000013 /* KotlinInterop.swift */ = {isa = PBXFileReference; lastKnownFileType = sourcecode.swift; path = KotlinInterop.swift; sourceTree = "<group>"; };
		1200000000000014 /* TvOSViewModel.swift */ = {isa = PBXFileReference; lastKnownFileType = sourcecode.swift; path = TvOSViewModel.swift; sourceTree = "<group>"; };
		1200000000000015 /* SearchBar.swift */ = {isa = PBXFileReference; lastKnownFileType = sourcecode.swift; path = SearchBar.swift; sourceTree = "<group>"; };
		1300000000000001 /* tvosApp.app */ = {isa = PBXFileReference; explicitFileType = wrapper.application; includeInIndex = 0; path = tvosApp.app; sourceTree = BUILT_PRODUCTS_DIR; };
		3200000000000001 /* tvosAppUITests.swift */ = {isa = PBXFileReference; lastKnownFileType = sourcecode.swift; path = tvosAppUITests.swift; sourceTree = "<group>"; };
		3200000000000002 /* tvosAppUITestsLaunchTests.swift */ = {isa = PBXFileReference; lastKnownFileType = sourcecode.swift; path = tvosAppUITestsLaunchTests.swift; sourceTree = "<group>"; };
		3300000000000002 /* tvosAppUITests.xctest */ = {isa = PBXFileReference; explicitFileType = wrapper.cfbundle; includeInIndex = 0; path = tvosAppUITests.xctest; sourceTree = BUILT_PRODUCTS_DIR; };
		5200000000000001 /* ContentProvider.swift */ = {isa = PBXFileReference; lastKnownFileType = sourcecode.swift; path = ContentProvider.swift; sourceTree = "<group>"; };
		5200000000000002 /* Info.plist */ = {isa = PBXFileReference; lastKnownFileType = text.plist.xml; path = Info.plist; sourceTree = "<group>"; };
		5300000000000002 /* KuckmalTopShelf.appex */ = {isa = PBXFileReference; explicitFileType = "wrapper.app-extension"; includeInIndex = 0; path = KuckmalTopShelf.appex; sourceTree = BUILT_PRODUCTS_DIR; };
/* End PBXFileReference section */

/* Begin PBXFrameworksBuildPhase section */
		1400000000000001 /* Frameworks */ = {
			isa = PBXFrameworksBuildPhase;
			buildActionMask = 2147483647;
			files = (
				1100000000000011 /* SharedTvos.framework in Frameworks */,
			);
			runOnlyForDeploymentPostprocessing = 0;
		};
		3400000000000001 /* Frameworks */ = {
			isa = PBXFrameworksBuildPhase;
			buildActionMask = 2147483647;
			files = (
			);
			runOnlyForDeploymentPostprocessing = 0;
		};
		5400000000000001 /* Frameworks */ = {
			isa = PBXFrameworksBuildPhase;
			buildActionMask = 2147483647;
			files = (
			);
			runOnlyForDeploymentPostprocessing = 0;
		};
/* End PBXFrameworksBuildPhase section */

/* Begin PBXGroup section */
		1500000000000001 = {
			isa = PBXGroup;
			children = (
				1500000000000002 /* tvosApp */,
				5500000000000001 /* KuckmalTopShelf */,
				3500000000000001 /* tvosAppUITests */,
				1500000000000003 /* Products */,
				1500000000000004 /* Frameworks */,
			);
			sourceTree = "<group>";
		};
		1500000000000004 /* Frameworks */ = {
			isa = PBXGroup;
			children = (
				1200000000000012 /* SharedTvos.framework */,
			);
			name = Frameworks;
			sourceTree = "<group>";
		};
		1500000000000002 /* tvosApp */ = {
			isa = PBXGroup;
			children = (
				1200000000000001 /* KuckmalTVApp.swift */,
				1200000000000002 /* ContentView.swift */,
				1200000000000003 /* Models.swift */,
				1200000000000004 /* ChannelListView.swift */,
				1200000000000005 /* ThemeListView.swift */,
				1200000000000006 /* TitleListView.swift */,
				1200000000000007 /* DetailView.swift */,
				1200000000000009 /* MediaUrlUtils.swift */,
				1200000000000010 /* VideoPlayerView.swift */,
				1200000000000011 /* VideoPlayerManager.swift */,
				1200000000000013 /* KotlinInterop.swift */,
				1200000000000014 /* TvOSViewModel.swift */,
				1200000000000015 /* SearchBar.swift */,
				1200000000000008 /* Info.plist */,
			);
			path = tvosApp;
			sourceTree = "<group>";
		};
		1500000000000003 /* Products */ = {
			isa = PBXGroup;
			children = (
				1300000000000001 /* tvosApp.app */,
				3300000000000002 /* tvosAppUITests.xctest */,
				5300000000000002 /* KuckmalTopShelf.appex */,
			);
			name = Products;
			sourceTree = "<group>";
		};
		3500000000000001 /* tvosAppUITests */ = {
			isa = PBXGroup;
			children = (
				3200000000000001 /* tvosAppUITests.swift */,
				3200000000000002 /* tvosAppUITestsLaunchTests.swift */,
			);
			path = tvosAppUITests;
			sourceTree = "<group>";
		};
		5500000000000001 /* KuckmalTopShelf */ = {
			isa = PBXGroup;
			children = (
				5200000000000001 /* ContentProvider.swift */,
				5200000000000002 /* Info.plist */,
			);
			path = KuckmalTopShelf;
			sourceTree = "<group>";
		};
/* End PBXGroup section */

/* Begin PBXNativeTarget section */
		1600000000000001 /* tvosApp */ = {
			isa = PBXNativeTarget;
			buildConfigurationList = 1800000000000001 /* Build configuration list for PBXNativeTarget "tvosApp" */;
			buildPhases = (
				1700000000000001 /* Sources */,
				1400000000000001 /* Frameworks */,
				1700000000000002 /* Resources */,
				5700000000000003 /* Embed App Extensions */,
				5700000000000004 /* Embed Frameworks */,
			);
			buildRules = (
			);
			dependencies = (
				5600000000000002 /* PBXTargetDependency */,
			);
			name = tvosApp;
			productName = tvosApp;
			productReference = 1300000000000001 /* tvosApp.app */;
			productType = "com.apple.product-type.application";
		};
		3600000000000001 /* tvosAppUITests */ = {
			isa = PBXNativeTarget;
			buildConfigurationList = 3800000000000001 /* Build configuration list for PBXNativeTarget "tvosAppUITests" */;
			buildPhases = (
				3700000000000001 /* Sources */,
				3400000000000001 /* Frameworks */,
				3700000000000002 /* Resources */,
			);
			buildRules = (
			);
			dependencies = (
				3600000000000002 /* PBXTargetDependency */,
			);
			name = tvosAppUITests;
			productName = tvosAppUITests;
			productReference = 3300000000000002 /* tvosAppUITests.xctest */;
			productType = "com.apple.product-type.bundle.ui-testing";
		};
		5600000000000001 /* KuckmalTopShelf */ = {
			isa = PBXNativeTarget;
			buildConfigurationList = 5800000000000001 /* Build configuration list for PBXNativeTarget "KuckmalTopShelf" */;
			buildPhases = (
				5700000000000001 /* Sources */,
				5400000000000001 /* Frameworks */,
				5700000000000002 /* Resources */,
			);
			buildRules = (
			);
			dependencies = (
			);
			name = KuckmalTopShelf;
			productName = KuckmalTopShelf;
			productReference = 5300000000000002 /* KuckmalTopShelf.appex */;
			productType = "com.apple.product-type.tv-app-extension";
		};
/* End PBXNativeTarget section */

/* Begin PBXProject section */
		1900000000000001 /* Project object */ = {
			isa = PBXProject;
			attributes = {
				BuildIndependentTargetsInParallel = 1;
				LastSwiftUpdateCheck = 1500;
				LastUpgradeCheck = 1500;
				TargetAttributes = {
					1600000000000001 = {
						CreatedOnToolsVersion = 15.0;
					};
					3600000000000001 = {
						CreatedOnToolsVersion = 15.0;
						TestTargetID = 1600000000000001;
					};
					5600000000000001 = {
						CreatedOnToolsVersion = 15.0;
					};
				};
			};
			buildConfigurationList = 1800000000000002 /* Build configuration list for PBXProject "tvosApp" */;
			compatibilityVersion = "Xcode 14.0";
			developmentRegion = en;
			hasScannedForEncodings = 0;
			knownRegions = (
				en,
				Base,
			);
			mainGroup = 1500000000000001;
			productRefGroup = 1500000000000003 /* Products */;
			projectDirPath = "";
			projectRoot = "";
			targets = (
				1600000000000001 /* tvosApp */,
				5600000000000001 /* KuckmalTopShelf */,
				3600000000000001 /* tvosAppUITests */,
			);
		};
/* End PBXProject section */

/* Begin PBXResourcesBuildPhase section */
		1700000000000002 /* Resources */ = {
			isa = PBXResourcesBuildPhase;
			buildActionMask = 2147483647;
			files = (
			);
			runOnlyForDeploymentPostprocessing = 0;
		};
		3700000000000002 /* Resources */ = {
			isa = PBXResourcesBuildPhase;
			buildActionMask = 2147483647;
			files = (
			);
			runOnlyForDeploymentPostprocessing = 0;
		};
		5700000000000002 /* Resources */ = {
			isa = PBXResourcesBuildPhase;
			buildActionMask = 2147483647;
			files = (
			);
			runOnlyForDeploymentPostprocessing = 0;
		};
/* End PBXResourcesBuildPhase section */

/* Begin PBXCopyFilesBuildPhase section */
		5700000000000003 /* Embed App Extensions */ = {
			isa = PBXCopyFilesBuildPhase;
			buildActionMask = 2147483647;
			dstPath = "";
			dstSubfolderSpec = 13;
			files = (
				5100000000000002 /* KuckmalTopShelf.appex in Embed App Extensions */,
			);
			name = "Embed App Extensions";
			runOnlyForDeploymentPostprocessing = 0;
		};
		5700000000000004 /* Embed Frameworks */ = {
			isa = PBXCopyFilesBuildPhase;
			buildActionMask = 2147483647;
			dstPath = "";
			dstSubfolderSpec = 10;
			files = (
				1100000000000012 /* SharedTvos.framework in Embed Frameworks */,
			);
			name = "Embed Frameworks";
			runOnlyForDeploymentPostprocessing = 0;
		};
/* End PBXCopyFilesBuildPhase section */

/* Begin PBXSourcesBuildPhase section */
		1700000000000001 /* Sources */ = {
			isa = PBXSourcesBuildPhase;
			buildActionMask = 2147483647;
			files = (
				1100000000000001 /* KuckmalTVApp.swift in Sources */,
				1100000000000002 /* ContentView.swift in Sources */,
				1100000000000003 /* Models.swift in Sources */,
				1100000000000004 /* ChannelListView.swift in Sources */,
				1100000000000005 /* ThemeListView.swift in Sources */,
				1100000000000006 /* TitleListView.swift in Sources */,
				1100000000000007 /* DetailView.swift in Sources */,
				1100000000000008 /* MediaUrlUtils.swift in Sources */,
				1100000000000009 /* VideoPlayerView.swift in Sources */,
				1100000000000010 /* VideoPlayerManager.swift in Sources */,
				1100000000000013 /* KotlinInterop.swift in Sources */,
				1100000000000014 /* TvOSViewModel.swift in Sources */,
				1100000000000015 /* SearchBar.swift in Sources */,
			);
			runOnlyForDeploymentPostprocessing = 0;
		};
		3700000000000001 /* Sources */ = {
			isa = PBXSourcesBuildPhase;
			buildActionMask = 2147483647;
			files = (
				3100000000000001 /* tvosAppUITests.swift in Sources */,
				3100000000000002 /* tvosAppUITestsLaunchTests.swift in Sources */,
			);
			runOnlyForDeploymentPostprocessing = 0;
		};
		5700000000000001 /* Sources */ = {
			isa = PBXSourcesBuildPhase;
			buildActionMask = 2147483647;
			files = (
				5100000000000001 /* ContentProvider.swift in Sources */,
			);
			runOnlyForDeploymentPostprocessing = 0;
		};
/* End PBXSourcesBuildPhase section */

/* Begin PBXTargetDependency section */
		3600000000000002 /* PBXTargetDependency */ = {
			isa = PBXTargetDependency;
			target = 1600000000000001 /* tvosApp */;
			targetProxy = 3300000000000001 /* PBXContainerItemProxy */;
		};
		5600000000000002 /* PBXTargetDependency */ = {
			isa = PBXTargetDependency;
			target = 5600000000000001 /* KuckmalTopShelf */;
			targetProxy = 5300000000000001 /* PBXContainerItemProxy */;
		};
/* End PBXTargetDependency section */

/* Begin XCBuildConfiguration section */
		2000000000000001 /* Debug */ = {
			isa = XCBuildConfiguration;
			buildSettings = {
				ALWAYS_SEARCH_USER_PATHS = NO;
				ASSETCATALOG_COMPILER_GENERATE_SWIFT_ASSET_SYMBOL_EXTENSIONS = YES;
				CLANG_ANALYZER_NONNULL = YES;
				CLANG_ANALYZER_NUMBER_OBJECT_CONVERSION = YES_AGGRESSIVE;
				CLANG_CXX_LANGUAGE_STANDARD = "gnu++20";
				CLANG_ENABLE_MODULES = YES;
				CLANG_ENABLE_OBJC_ARC = YES;
				CLANG_ENABLE_OBJC_WEAK = YES;
				CLANG_WARN_BLOCK_CAPTURE_AUTORELEASING = YES;
				CLANG_WARN_BOOL_CONVERSION = YES;
				CLANG_WARN_COMMA = YES;
				CLANG_WARN_CONSTANT_CONVERSION = YES;
				CLANG_WARN_DEPRECATED_OBJC_IMPLEMENTATIONS = YES;
				CLANG_WARN_DIRECT_OBJC_ISA_USAGE = YES_ERROR;
				CLANG_WARN_DOCUMENTATION_COMMENTS = YES;
				CLANG_WARN_EMPTY_BODY = YES;
				CLANG_WARN_ENUM_CONVERSION = YES;
				CLANG_WARN_INFINITE_RECURSION = YES;
				CLANG_WARN_INT_CONVERSION = YES;
				CLANG_WARN_NON_LITERAL_NULL_CONVERSION = YES;
				CLANG_WARN_OBJC_IMPLICIT_RETAIN_SELF = YES;
				CLANG_WARN_OBJC_LITERAL_CONVERSION = YES;
				CLANG_WARN_OBJC_ROOT_CLASS = YES_ERROR;
				CLANG_WARN_QUOTED_INCLUDE_IN_FRAMEWORK_HEADER = YES;
				CLANG_WARN_RANGE_LOOP_ANALYSIS = YES;
				CLANG_WARN_STRICT_PROTOTYPES = YES;
				CLANG_WARN_SUSPICIOUS_MOVE = YES;
				CLANG_WARN_UNGUARDED_AVAILABILITY = YES_AGGRESSIVE;
				CLANG_WARN_UNREACHABLE_CODE = YES;
				CLANG_WARN__DUPLICATE_METHOD_MATCH = YES;
				COPY_PHASE_STRIP = NO;
				DEBUG_INFORMATION_FORMAT = dwarf;
				ENABLE_STRICT_OBJC_MSGSEND = YES;
				ENABLE_TESTABILITY = YES;
				GCC_C_LANGUAGE_STANDARD = gnu17;
				GCC_DYNAMIC_NO_PIC = NO;
				GCC_NO_COMMON_BLOCKS = YES;
				GCC_OPTIMIZATION_LEVEL = 0;
				GCC_PREPROCESSOR_DEFINITIONS = (
					"DEBUG=1",
					"$(inherited)",
				);
				GCC_WARN_64_TO_32_BIT_CONVERSION = YES;
				GCC_WARN_ABOUT_RETURN_TYPE = YES_ERROR;
				GCC_WARN_UNDECLARED_SELECTOR = YES;
				GCC_WARN_UNINITIALIZED_AUTOS = YES_AGGRESSIVE;
				GCC_WARN_UNUSED_FUNCTION = YES;
				GCC_WARN_UNUSED_VARIABLE = YES;
				LOCALIZATION_PREFERS_STRING_CATALOGS = YES;
				MTL_ENABLE_DEBUG_INFO = INCLUDE_SOURCE;
				MTL_FAST_MATH = YES;
				ONLY_ACTIVE_ARCH = YES;
				SDKROOT = appletvos;
				SWIFT_ACTIVE_COMPILATION_CONDITIONS = "DEBUG $(inherited)";
				SWIFT_OPTIMIZATION_LEVEL = "-Onone";
				TVOS_DEPLOYMENT_TARGET = 17.0;
			};
			name = Debug;
		};
		2000000000000002 /* Release */ = {
			isa = XCBuildConfiguration;
			buildSettings = {
				ALWAYS_SEARCH_USER_PATHS = NO;
				ASSETCATALOG_COMPILER_GENERATE_SWIFT_ASSET_SYMBOL_EXTENSIONS = YES;
				CLANG_ANALYZER_NONNULL = YES;
				CLANG_ANALYZER_NUMBER_OBJECT_CONVERSION = YES_AGGRESSIVE;
				CLANG_CXX_LANGUAGE_STANDARD = "gnu++20";
				CLANG_ENABLE_MODULES = YES;
				CLANG_ENABLE_OBJC_ARC = YES;
				CLANG_ENABLE_OBJC_WEAK = YES;
				CLANG_WARN_BLOCK_CAPTURE_AUTORELEASING = YES;
				CLANG_WARN_BOOL_CONVERSION = YES;
				CLANG_WARN_COMMA = YES;
				CLANG_WARN_CONSTANT_CONVERSION = YES;
				CLANG_WARN_DEPRECATED_OBJC_IMPLEMENTATIONS = YES;
				CLANG_WARN_DIRECT_OBJC_ISA_USAGE = YES_ERROR;
				CLANG_WARN_DOCUMENTATION_COMMENTS = YES;
				CLANG_WARN_EMPTY_BODY = YES;
				CLANG_WARN_ENUM_CONVERSION = YES;
				CLANG_WARN_INFINITE_RECURSION = YES;
				CLANG_WARN_INT_CONVERSION = YES;
				CLANG_WARN_NON_LITERAL_NULL_CONVERSION = YES;
				CLANG_WARN_OBJC_IMPLICIT_RETAIN_SELF = YES;
				CLANG_WARN_OBJC_LITERAL_CONVERSION = YES;
				CLANG_WARN_OBJC_ROOT_CLASS = YES_ERROR;
				CLANG_WARN_QUOTED_INCLUDE_IN_FRAMEWORK_HEADER = YES;
				CLANG_WARN_RANGE_LOOP_ANALYSIS = YES;
				CLANG_WARN_STRICT_PROTOTYPES = YES;
				CLANG_WARN_SUSPICIOUS_MOVE = YES;
				CLANG_WARN_UNGUARDED_AVAILABILITY = YES_AGGRESSIVE;
				CLANG_WARN_UNREACHABLE_CODE = YES;
				CLANG_WARN__DUPLICATE_METHOD_MATCH = YES;
				COPY_PHASE_STRIP = NO;
				DEBUG_INFORMATION_FORMAT = "dwarf-with-dsym";
				ENABLE_NS_ASSERTIONS = NO;
				ENABLE_STRICT_OBJC_MSGSEND = YES;
				GCC_C_LANGUAGE_STANDARD = gnu17;
				GCC_NO_COMMON_BLOCKS = YES;
				GCC_WARN_64_TO_32_BIT_CONVERSION = YES;
				GCC_WARN_ABOUT_RETURN_TYPE = YES_ERROR;
				GCC_WARN_UNDECLARED_SELECTOR = YES;
				GCC_WARN_UNINITIALIZED_AUTOS = YES_AGGRESSIVE;
				GCC_WARN_UNUSED_FUNCTION = YES;
				GCC_WARN_UNUSED_VARIABLE = YES;
				LOCALIZATION_PREFERS_STRING_CATALOGS = YES;
				MTL_ENABLE_DEBUG_INFO = NO;
				MTL_FAST_MATH = YES;
				SDKROOT = appletvos;
				SWIFT_COMPILATION_MODE = wholemodule;
				TVOS_DEPLOYMENT_TARGET = 17.0;
				VALIDATE_PRODUCT = YES;
			};
			name = Release;
		};
		2100000000000001 /* Debug */ = {
			isa = XCBuildConfiguration;
			buildSettings = {
				ASSETCATALOG_COMPILER_APPICON_NAME = "App Icon & Top Shelf Image";
				ASSETCATALOG_COMPILER_GLOBAL_ACCENT_COLOR_NAME = AccentColor;
				CODE_SIGN_STYLE = Automatic;
				CURRENT_PROJECT_VERSION = 1;
				DEVELOPMENT_TEAM = "";
				FRAMEWORK_SEARCH_PATHS = (
					"$(inherited)",
					"$(SRCROOT)/../shared-tvos/build/bin/tvosSimulatorArm64/debugFramework",
				);
				GENERATE_INFOPLIST_FILE = YES;
				INFOPLIST_FILE = tvosApp/Info.plist;
				INFOPLIST_KEY_UILaunchScreen_Generation = YES;
				INFOPLIST_KEY_UIUserInterfaceStyle = Dark;
				LD_RUNPATH_SEARCH_PATHS = (
					"$(inherited)",
					"@executable_path/Frameworks",
				);
				MARKETING_VERSION = 1.0;
				PRODUCT_BUNDLE_IDENTIFIER = cut.the.crap.kuckmal.tv;
				PRODUCT_NAME = "$(TARGET_NAME)";
				SWIFT_EMIT_LOC_STRINGS = YES;
				SWIFT_VERSION = 5.0;
				TARGETED_DEVICE_FAMILY = 3;
			};
			name = Debug;
		};
		2100000000000002 /* Release */ = {
			isa = XCBuildConfiguration;
			buildSettings = {
				ASSETCATALOG_COMPILER_APPICON_NAME = "App Icon & Top Shelf Image";
				ASSETCATALOG_COMPILER_GLOBAL_ACCENT_COLOR_NAME = AccentColor;
				CODE_SIGN_STYLE = Automatic;
				CURRENT_PROJECT_VERSION = 1;
				DEVELOPMENT_TEAM = "";
				FRAMEWORK_SEARCH_PATHS = (
					"$(inherited)",
					"$(SRCROOT)/../shared-tvos/build/bin/tvosArm64/releaseFramework",
				);
				GENERATE_INFOPLIST_FILE = YES;
				INFOPLIST_FILE = tvosApp/Info.plist;
				INFOPLIST_KEY_UILaunchScreen_Generation = YES;
				INFOPLIST_KEY_UIUserInterfaceStyle = Dark;
				LD_RUNPATH_SEARCH_PATHS = (
					"$(inherited)",
					"@executable_path/Frameworks",
				);
				MARKETING_VERSION = 1.0;
				PRODUCT_BUNDLE_IDENTIFIER = cut.the.crap.kuckmal.tv;
				PRODUCT_NAME = "$(TARGET_NAME)";
				SWIFT_EMIT_LOC_STRINGS = YES;
				SWIFT_VERSION = 5.0;
				TARGETED_DEVICE_FAMILY = 3;
			};
			name = Release;
		};
		4100000000000001 /* Debug */ = {
			isa = XCBuildConfiguration;
			buildSettings = {
				CODE_SIGN_STYLE = Automatic;
				CURRENT_PROJECT_VERSION = 1;
				DEVELOPMENT_TEAM = "";
				GENERATE_INFOPLIST_FILE = YES;
				LD_RUNPATH_SEARCH_PATHS = (
					"$(inherited)",
					"@executable_path/Frameworks",
					"@loader_path/Frameworks",
				);
				MARKETING_VERSION = 1.0;
				PRODUCT_BUNDLE_IDENTIFIER = cut.the.crap.kuckmal.tvUITests;
				PRODUCT_NAME = "$(TARGET_NAME)";
				SWIFT_EMIT_LOC_STRINGS = NO;
				SWIFT_VERSION = 5.0;
				TARGETED_DEVICE_FAMILY = 3;
				TEST_TARGET_NAME = tvosApp;
			};
			name = Debug;
		};
		4100000000000002 /* Release */ = {
			isa = XCBuildConfiguration;
			buildSettings = {
				CODE_SIGN_STYLE = Automatic;
				CURRENT_PROJECT_VERSION = 1;
				DEVELOPMENT_TEAM = "";
				GENERATE_INFOPLIST_FILE = YES;
				LD_RUNPATH_SEARCH_PATHS = (
					"$(inherited)",
					"@executable_path/Frameworks",
					"@loader_path/Frameworks",
				);
				MARKETING_VERSION = 1.0;
				PRODUCT_BUNDLE_IDENTIFIER = cut.the.crap.kuckmal.tvUITests;
				PRODUCT_NAME = "$(TARGET_NAME)";
				SWIFT_EMIT_LOC_STRINGS = NO;
				SWIFT_VERSION = 5.0;
				TARGETED_DEVICE_FAMILY = 3;
				TEST_TARGET_NAME = tvosApp;
			};
			name = Release;
		};
		6100000000000001 /* Debug */ = {
			isa = XCBuildConfiguration;
			buildSettings = {
				CODE_SIGN_STYLE = Automatic;
				CURRENT_PROJECT_VERSION = 1;
				DEVELOPMENT_TEAM = "";
				GENERATE_INFOPLIST_FILE = YES;
				INFOPLIST_FILE = KuckmalTopShelf/Info.plist;
				INFOPLIST_KEY_CFBundleDisplayName = KuckmalTopShelf;
				INFOPLIST_KEY_NSHumanReadableCopyright = "";
				LD_RUNPATH_SEARCH_PATHS = (
					"$(inherited)",
					"@executable_path/Frameworks",
					"@executable_path/../../Frameworks",
				);
				MARKETING_VERSION = 1.0;
				PRODUCT_BUNDLE_IDENTIFIER = cut.the.crap.kuckmal.tv.topshelf;
				PRODUCT_NAME = "$(TARGET_NAME)";
				SKIP_INSTALL = YES;
				SWIFT_EMIT_LOC_STRINGS = YES;
				SWIFT_VERSION = 5.0;
				TARGETED_DEVICE_FAMILY = 3;
			};
			name = Debug;
		};
		6100000000000002 /* Release */ = {
			isa = XCBuildConfiguration;
			buildSettings = {
				CODE_SIGN_STYLE = Automatic;
				CURRENT_PROJECT_VERSION = 1;
				DEVELOPMENT_TEAM = "";
				GENERATE_INFOPLIST_FILE = YES;
				INFOPLIST_FILE = KuckmalTopShelf/Info.plist;
				INFOPLIST_KEY_CFBundleDisplayName = KuckmalTopShelf;
				INFOPLIST_KEY_NSHumanReadableCopyright = "";
				LD_RUNPATH_SEARCH_PATHS = (
					"$(inherited)",
					"@executable_path/Frameworks",
					"@executable_path/../../Frameworks",
				);
				MARKETING_VERSION = 1.0;
				PRODUCT_BUNDLE_IDENTIFIER = cut.the.crap.kuckmal.tv.topshelf;
				PRODUCT_NAME = "$(TARGET_NAME)";
				SKIP_INSTALL = YES;
				SWIFT_EMIT_LOC_STRINGS = YES;
				SWIFT_VERSION = 5.0;
				TARGETED_DEVICE_FAMILY = 3;
			};
			name = Release;
		};
/* End XCBuildConfiguration section */

/* Begin XCConfigurationList section */
		1800000000000001 /* Build configuration list for PBXNativeTarget "tvosApp" */ = {
			isa = XCConfigurationList;
			buildConfigurations = (
				2100000000000001 /* Debug */,
				2100000000000002 /* Release */,
			);
			defaultConfigurationIsVisible = 0;
			defaultConfigurationName = Release;
		};
		1800000000000002 /* Build configuration list for PBXProject "tvosApp" */ = {
			isa = XCConfigurationList;
			buildConfigurations = (
				2000000000000001 /* Debug */,
				2000000000000002 /* Release */,
			);
			defaultConfigurationIsVisible = 0;
			defaultConfigurationName = Release;
		};
		3800000000000001 /* Build configuration list for PBXNativeTarget "tvosAppUITests" */ = {
			isa = XCConfigurationList;
			buildConfigurations = (
				4100000000000001 /* Debug */,
				4100000000000002 /* Release */,
			);
			defaultConfigurationIsVisible = 0;
			defaultConfigurationName = Release;
		};
		5800000000000001 /* Build configuration list for PBXNativeTarget "KuckmalTopShelf" */ = {
			isa = XCConfigurationList;
			buildConfigurations = (
				6100000000000001 /* Debug */,
				6100000000000002 /* Release */,
			);
			defaultConfigurationIsVisible = 0;
			defaultConfigurationName = Release;
		};
/* End XCConfigurationList section */
	};
	rootObject = 1900000000000001 /* Project object */;
}
